hash: 49d24e937b9e930ca1cfe3a2b133349e689d74db27b0ddf90e7292128578802a
updated: 2018-06-19T17:25:59.226545+02:00
imports:
- name: github.com/beorn7/perks
  version: 3a771d992973f24aa725d07868b467d1ddfceafb
  subpackages:
  - quantile
- name: github.com/golang/mock
  version: c34cdb4725f4c3844d095133c6e40e448b86589b
  subpackages:
  - gomock
- name: github.com/golang/protobuf
  version: 9f81198da99b79e14d70ca2c3cc1bbe44c6e69b6
  subpackages:
  - jsonpb
  - proto
  - ptypes
  - ptypes/any
  - ptypes/duration
  - ptypes/empty
  - ptypes/struct
  - ptypes/timestamp
- name: github.com/grpc-ecosystem/go-grpc-middleware
  version: e9c5d9645c437ab1b204cff969a2c0fb16cd4276
  subpackages:
  - logging
  - logging/logrus
  - logging/logrus/ctxlogrus
  - tags
  - tags/logrus
  - tracing/opentracing
  - util/metautils
- name: github.com/grpc-ecosystem/go-grpc-prometheus
  version: c225b8c3b01faf2899099b768856a9e916e5087b
- name: github.com/jinzhu/gorm
  version: 6ed508ec6a4ecb3531899a69cbc746ccf65a4166
  subpackages:
  - dialects/postgres
- name: github.com/jinzhu/inflection
  version: 04140366298a54a039076d798123ffa108fff46c
- name: github.com/lib/pq
  version: 90697d60dd844d5ef6ff15135d0203f65d2f53b8
  subpackages:
  - hstore
  - oid
- name: github.com/mattes/migrate
  version: 035c07716cd373d88456ec4d701402df52584cb4
  subpackages:
  - database
  - database/postgres
  - source
  - source/file
  - source/go-bindata
- name: github.com/matttproud/golang_protobuf_extensions
  version: c12348ce28de40eed0136aa2b644d0ee0650e56c
  subpackages:
  - pbutil
- name: github.com/opentracing/opentracing-go
  version: 1949ddbfd147afd4d964a9f00b24eb291e0e7c38
  subpackages:
  - ext
  - log
- name: github.com/prometheus/client_golang
  version: faf4ec335fe01ae5a6a0eaa34a5a9333bfbd1a30
  subpackages:
  - prometheus
- name: github.com/prometheus/client_model
  version: 99fa1f4be8e564e8a6b613da7fa6f46c9edafc6c
  subpackages:
  - go
- name: github.com/prometheus/common
  version: 7600349dcfe1abd18d72d3a1770870d9800a7801
  subpackages:
  - expfmt
  - internal/bitbucket.org/ww/goautoneg
  - model
- name: github.com/prometheus/procfs
  version: 7d6f385de8bea29190f15ba9931442a0eaef9af7
  subpackages:
  - internal/util
  - nfs
  - xfs
- name: github.com/sirupsen/logrus
  version: 75068beb13ada9c0ddde611f678523fda7352650
- name: github.com/urfave/cli
  version: cfb38830724cc34fedffe9a2a29fb54fa9169cd1
- name: github.com/vastness-io/coordinator-svc
  version: 9f8c39477c6990750ff77977b6cda974b3156279
- name: github.com/vastness-io/gormer
  version: 764f6194a1f0c0d289c3d8ec5a0c5bcc7d874325
  subpackages:
  - mock/golang/mock
- name: github.com/vastness-io/linguist-svc
  version: 524f22a7314626e515e980753102e0724a90f0ed
  subpackages:
  - mock/linguist
- name: github.com/vastness-io/toolkit
  version: ddfe7c027727cb412b3d4e7a1392bd820737bce5
  subpackages:
  - pkg/grpc
- name: github.com/vastness-io/vcs-webhook-svc
  version: 237d195d10994e08d5a663031b2c8215fdc02de3
  subpackages:
  - webhook
- name: golang.org/x/crypto
  version: 027cca12c2d63e3d62b670d901e8a2c95854feec
  subpackages:
  - ssh/terminal
- name: golang.org/x/net
  version: db08ff08e8622530d9ed3a0e8ac279f6d4c02196
  subpackages:
  - context
  - http/httpguts
  - http2
  - http2/hpack
  - idna
  - internal/timeseries
  - trace
- name: golang.org/x/sys
  version: f24d3d461d02f3f840cb4ff4ae1c6b3dd9f93db9
  subpackages:
  - unix
  - windows
- name: golang.org/x/text
  version: 5cec4b58c438bd98288aeb248bab2c1840713d21
  subpackages:
  - secure/bidirule
  - transform
  - unicode/bidi
  - unicode/norm
- name: google.golang.org/genproto
  version: 32ee49c4dd805befd833990acba36cb75042378c
  subpackages:
  - googleapis/rpc/status
- name: google.golang.org/grpc
  version: 6b51017f791ae1cfbec89c52efdf444b13b550ef
  subpackages:
  - balancer
  - balancer/base
  - balancer/roundrobin
  - codes
  - connectivity
  - credentials
  - encoding
  - grpclb/grpc_lb_v1/messages
  - grpclog
  - internal
  - keepalive
  - metadata
  - naming
  - peer
  - resolver
  - resolver/dns
  - resolver/passthrough
  - stats
  - status
  - tap
  - transport
testImports: []
